
Microsoft Visual Studio Solution File, Format Version 12.00
# Visual Studio Version 17
VisualStudioVersion = 17.2.32526.322
MinimumVisualStudioVersion = 10.0.40219.1
Project("{FAE04EC0-301F-11D3-BF4B-00C04F79EFBC}") = "visiner", "visiner\visiner.csproj", "{8D23DCC0-22BE-4902-A758-5E13EF84064B}"
EndProject
Global
	GlobalSection(SolutionConfigurationPlatforms) = preSolution
		Debug|Any CPU = Debug|Any CPU
		Release|Any CPU = Release|Any CPU
	EndGlobalSection
	GlobalSection(ProjectConfigurationPlatforms) = postSolution
		{8D23DCC0-22BE-4902-A758-5E13EF84064B}.Debug|Any CPU.ActiveCfg = Debug|Any CPU
		{8D23DCC0-22BE-4902-A758-5E13EF84064B}.Debug|Any CPU.Build.0 = Debug|Any CPU
		{8D23DCC0-22BE-4902-A758-5E13EF84064B}.Release|Any CPU.ActiveCfg = Release|Any CPU
		{8D23DCC0-22BE-4902-A758-5E13EF84064B}.Release|Any CPU.Build.0 = Release|Any CPU
	EndGlobalSection
	GlobalSection(SolutionProperties) = preSolution
		HideSolutionNode = FALSE
	EndGlobalSection
	GlobalSection(ExtensibilityGlobals) = postSolution
		SolutionGuid = {B003AB2A-5A48-42CC-B294-7DBA0E125134}
	EndGlobalSection
EndGlobal
